
Microsoft Visual Studio Solution File, Format Version 12.00
# Visual Studio Version 17
VisualStudioVersion = 17.14.36511.14 d17.14
MinimumVisualStudioVersion = 10.0.40219.1
Project("{FAE04EC0-301F-11D3-BF4B-00C04F79EFBC}") = "HotelListing.Api", "HotelListing.Api\HotelListing.Api.csproj", "{C3028820-39A5-4963-870A-D18A9B9CC4E8}"
EndProject
Global
	GlobalSection(SolutionConfigurationPlatforms) = preSolution
		Debug|Any CPU = Debug|Any CPU
		Release|Any CPU = Release|Any CPU
	EndGlobalSection
	GlobalSection(ProjectConfigurationPlatforms) = postSolution
		{C3028820-39A5-4963-870A-D18A9B9CC4E8}.Debug|Any CPU.ActiveCfg = Debug|Any CPU
		{C3028820-39A5-4963-870A-D18A9B9CC4E8}.Debug|Any CPU.Build.0 = Debug|Any CPU
		{C3028820-39A5-4963-870A-D18A9B9CC4E8}.Release|Any CPU.ActiveCfg = Release|Any CPU
		{C3028820-39A5-4963-870A-D18A9B9CC4E8}.Release|Any CPU.Build.0 = Release|Any CPU
	EndGlobalSection
	GlobalSection(SolutionProperties) = preSolution
		HideSolutionNode = FALSE
	EndGlobalSection
	GlobalSection(ExtensibilityGlobals) = postSolution
		SolutionGuid = {1E8D0588-A97D-497E-93EE-09C8D1EC2945}
	EndGlobalSection
EndGlobal
